
Microsoft Visual Studio Solution File, Format Version 12.00
# Visual Studio 15
VisualStudioVersion = 15.0.28307.168
MinimumVisualStudioVersion = 10.0.40219.1
Project("{FAE04EC0-301F-11D3-BF4B-00C04F79EFBC}") = "adressbook-web-test", "adressbook-web-test\adressbook-web-test.csproj", "{33CE8B77-D3F1-4B7F-BD24-1BDB7551FCA3}"
EndProject
Global
	GlobalSection(SolutionConfigurationPlatforms) = preSolution
		Debug|Any CPU = Debug|Any CPU
		Release|Any CPU = Release|Any CPU
	EndGlobalSection
	GlobalSection(ProjectConfigurationPlatforms) = postSolution
		{33CE8B77-D3F1-4B7F-BD24-1BDB7551FCA3}.Debug|Any CPU.ActiveCfg = Debug|Any CPU
		{33CE8B77-D3F1-4B7F-BD24-1BDB7551FCA3}.Debug|Any CPU.Build.0 = Debug|Any CPU
		{33CE8B77-D3F1-4B7F-BD24-1BDB7551FCA3}.Release|Any CPU.ActiveCfg = Release|Any CPU
		{33CE8B77-D3F1-4B7F-BD24-1BDB7551FCA3}.Release|Any CPU.Build.0 = Release|Any CPU
	EndGlobalSection
	GlobalSection(SolutionProperties) = preSolution
		HideSolutionNode = FALSE
	EndGlobalSection
	GlobalSection(ExtensibilityGlobals) = postSolution
		SolutionGuid = {3CE96FF3-10F9-4F26-8F0E-6F11CE8A5D02}
	EndGlobalSection
EndGlobal
